
Microsoft Visual Studio Solution File, Format Version 12.00
# Visual Studio Version 17
VisualStudioVersion = 17.4.33213.308
MinimumVisualStudioVersion = 10.0.40219.1
Project("{9A19103F-16F7-4668-BE54-9A1E7A4F7556}") = "UserMicroService", "UserMicroService\UserMicroService.csproj", "{1E3EB1DC-1DCD-4FBC-85EE-78A6287031EC}"
EndProject
Project("{FAE04EC0-301F-11D3-BF4B-00C04F79EFBC}") = "BookingMicroService", "BookingMicroService\BookingMicroService.csproj", "{D295B8BA-46CD-4470-9B40-6CE436EEEDFC}"
EndProject
Global
	GlobalSection(SolutionConfigurationPlatforms) = preSolution
		Debug|Any CPU = Debug|Any CPU
		Release|Any CPU = Release|Any CPU
	EndGlobalSection
	GlobalSection(ProjectConfigurationPlatforms) = postSolution
		{1E3EB1DC-1DCD-4FBC-85EE-78A6287031EC}.Debug|Any CPU.ActiveCfg = Debug|Any CPU
		{1E3EB1DC-1DCD-4FBC-85EE-78A6287031EC}.Debug|Any CPU.Build.0 = Debug|Any CPU
		{1E3EB1DC-1DCD-4FBC-85EE-78A6287031EC}.Release|Any CPU.ActiveCfg = Release|Any CPU
		{1E3EB1DC-1DCD-4FBC-85EE-78A6287031EC}.Release|Any CPU.Build.0 = Release|Any CPU
		{D295B8BA-46CD-4470-9B40-6CE436EEEDFC}.Debug|Any CPU.ActiveCfg = Debug|Any CPU
		{D295B8BA-46CD-4470-9B40-6CE436EEEDFC}.Debug|Any CPU.Build.0 = Debug|Any CPU
		{D295B8BA-46CD-4470-9B40-6CE436EEEDFC}.Release|Any CPU.ActiveCfg = Release|Any CPU
		{D295B8BA-46CD-4470-9B40-6CE436EEEDFC}.Release|Any CPU.Build.0 = Release|Any CPU
	EndGlobalSection
	GlobalSection(SolutionProperties) = preSolution
		HideSolutionNode = FALSE
	EndGlobalSection
	GlobalSection(ExtensibilityGlobals) = postSolution
		SolutionGuid = {440E271E-FE6D-444C-8350-ABB7BA93F632}
	EndGlobalSection
EndGlobal
